
Microsoft Visual Studio Solution File, Format Version 12.00
# Visual Studio Version 17
VisualStudioVersion = 17.2.32516.85
MinimumVisualStudioVersion = 10.0.40219.1
Project("{FAE04EC0-301F-11D3-BF4B-00C04F79EFBC}") = "finalTravelProject2.0", "finalTravelProject2.0\finalTravelProject2.0.csproj", "{21655D77-EABA-4A77-995A-85142F280A60}"
EndProject
Global
	GlobalSection(SolutionConfigurationPlatforms) = preSolution
		Debug|Any CPU = Debug|Any CPU
		Release|Any CPU = Release|Any CPU
	EndGlobalSection
	GlobalSection(ProjectConfigurationPlatforms) = postSolution
		{21655D77-EABA-4A77-995A-85142F280A60}.Debug|Any CPU.ActiveCfg = Debug|Any CPU
		{21655D77-EABA-4A77-995A-85142F280A60}.Debug|Any CPU.Build.0 = Debug|Any CPU
		{21655D77-EABA-4A77-995A-85142F280A60}.Release|Any CPU.ActiveCfg = Release|Any CPU
		{21655D77-EABA-4A77-995A-85142F280A60}.Release|Any CPU.Build.0 = Release|Any CPU
	EndGlobalSection
	GlobalSection(SolutionProperties) = preSolution
		HideSolutionNode = FALSE
	EndGlobalSection
	GlobalSection(ExtensibilityGlobals) = postSolution
		SolutionGuid = {9501D32E-91B1-46F8-B73F-7803DDFEEFB1}
	EndGlobalSection
EndGlobal
